// !$*UTF8*$!
{
archiveVersion = 1;
classes = {
};
objectVersion = 56;
objects = {

/* Begin PBXBuildFile section */
7F6D2CB92AFA3B7600A3B8AA /* MetadataRemoverApp.swift in Sources */ = {isa = PBXBuildFile; fileRef = 7F6D2CAE2AFA3B7600A3B8AA /* MetadataRemoverApp.swift */; };
7F6D2CBA2AFA3B7600A3B8AA /* ContentView.swift in Sources */ = {isa = PBXBuildFile; fileRef = 7F6D2CAF2AFA3B7600A3B8AA /* ContentView.swift */; };
7F6D2CBB2AFA3B7600A3B8AA /* MetadataRemoverViewModel.swift in Sources */ = {isa = PBXBuildFile; fileRef = 7F6D2CB02AFA3B7600A3B8AA /* MetadataRemoverViewModel.swift */; };
7F6D2CBC2AFA3B7600A3B8AA /* MetadataEntry.swift in Sources */ = {isa = PBXBuildFile; fileRef = 7F6D2CB12AFA3B7600A3B8AA /* MetadataEntry.swift */; };
7F6D2CBD2AFA3B7600A3B8AA /* MetadataListView.swift in Sources */ = {isa = PBXBuildFile; fileRef = 7F6D2CB22AFA3B7600A3B8AA /* MetadataListView.swift */; };
7F6D2CBE2AFA3B7600A3B8AA /* MetadataExplanationView.swift in Sources */ = {isa = PBXBuildFile; fileRef = 7F6D2CB32AFA3B7600A3B8AA /* MetadataExplanationView.swift */; };
7F6D2CBF2AFA3B7600A3B8AA /* ShareSheet.swift in Sources */ = {isa = PBXBuildFile; fileRef = 7F6D2CB42AFA3B7600A3B8AA /* ShareSheet.swift */; };
7F6D2CC02AFA3B7600A3B8AA /* MetadataExtractor.swift in Sources */ = {isa = PBXBuildFile; fileRef = 7F6D2CB52AFA3B7600A3B8AA /* MetadataExtractor.swift */; };
7F6D2CC12AFA3B7600A3B8AA /* MetadataSanitizer.swift in Sources */ = {isa = PBXBuildFile; fileRef = 7F6D2CB62AFA3B7600A3B8AA /* MetadataSanitizer.swift */; };
7F6D2CC22AFA3B7600A3B8AA /* PhotoLibrarySaver.swift in Sources */ = {isa = PBXBuildFile; fileRef = 7F6D2CB72AFA3B7600A3B8AA /* PhotoLibrarySaver.swift */; };
7F6D2CC52AFA3B7600A3B8AA /* Assets.xcassets in Resources */ = {isa = PBXBuildFile; fileRef = 7F6D2CB92AFA3B7600A3B8AA /* Assets.xcassets */; };
7F6D2CC62AFA3B7600A3B8AA /* Preview Assets.xcassets in Resources */ = {isa = PBXBuildFile; fileRef = 7F6D2CBA2AFA3B7600A3B8AA /* Preview Assets.xcassets */; };
/* End PBXBuildFile section */

/* Begin PBXFileReference section */
7F6D2CAE2AFA3B7600A3B8AA /* MetadataRemoverApp.swift */ = {isa = PBXFileReference; lastKnownFileType = sourcecode.swift; path = MetadataRemoverApp.swift; sourceTree = "<group>"; };
7F6D2CAF2AFA3B7600A3B8AA /* ContentView.swift */ = {isa = PBXFileReference; lastKnownFileType = sourcecode.swift; path = ContentView.swift; sourceTree = "<group>"; };
7F6D2CB02AFA3B7600A3B8AA /* MetadataRemoverViewModel.swift */ = {isa = PBXFileReference; lastKnownFileType = sourcecode.swift; path = MetadataRemoverViewModel.swift; sourceTree = "<group>"; };
7F6D2CB12AFA3B7600A3B8AA /* MetadataEntry.swift */ = {isa = PBXFileReference; lastKnownFileType = sourcecode.swift; path = MetadataEntry.swift; sourceTree = "<group>"; };
7F6D2CB22AFA3B7600A3B8AA /* MetadataListView.swift */ = {isa = PBXFileReference; lastKnownFileType = sourcecode.swift; path = MetadataListView.swift; sourceTree = "<group>"; };
7F6D2CB32AFA3B7600A3B8AA /* MetadataExplanationView.swift */ = {isa = PBXFileReference; lastKnownFileType = sourcecode.swift; path = MetadataExplanationView.swift; sourceTree = "<group>"; };
7F6D2CB42AFA3B7600A3B8AA /* ShareSheet.swift */ = {isa = PBXFileReference; lastKnownFileType = sourcecode.swift; path = ShareSheet.swift; sourceTree = "<group>"; };
7F6D2CB52AFA3B7600A3B8AA /* MetadataExtractor.swift */ = {isa = PBXFileReference; lastKnownFileType = sourcecode.swift; path = MetadataExtractor.swift; sourceTree = "<group>"; };
7F6D2CB62AFA3B7600A3B8AA /* MetadataSanitizer.swift */ = {isa = PBXFileReference; lastKnownFileType = sourcecode.swift; path = MetadataSanitizer.swift; sourceTree = "<group>"; };
7F6D2CB72AFA3B7600A3B8AA /* PhotoLibrarySaver.swift */ = {isa = PBXFileReference; lastKnownFileType = sourcecode.swift; path = PhotoLibrarySaver.swift; sourceTree = "<group>"; };
7F6D2CB82AFA3B7600A3B8AA /* Info.plist */ = {isa = PBXFileReference; lastKnownFileType = text.plist.xml; path = Info.plist; sourceTree = "<group>"; };
7F6D2CB92AFA3B7600A3B8AA /* Assets.xcassets */ = {isa = PBXFileReference; lastKnownFileType = folder.assetcatalog; path = Assets.xcassets; sourceTree = "<group>"; };
7F6D2CBA2AFA3B7600A3B8AA /* Preview Assets.xcassets */ = {isa = PBXFileReference; lastKnownFileType = folder.assetcatalog; path = "Preview Assets.xcassets"; sourceTree = "<group>"; };
7F6D2CC32AFA3B7600A3B8AA /* MetadataRemover.app */ = {isa = PBXFileReference; explicitFileType = wrapper.application; includeInIndex = 0; path = MetadataRemover.app; sourceTree = BUILT_PRODUCTS_DIR; };
/* End PBXFileReference section */

/* Begin PBXFrameworksBuildPhase section */
7F6D2CAA2AFA3B7600A3B8AA /* Frameworks */ = {
isa = PBXFrameworksBuildPhase;
buildActionMask = 2147483647;
files = (
);
runOnlyForDeploymentPostprocessing = 0;
};
/* End PBXFrameworksBuildPhase section */

/* Begin PBXGroup section */
7F6D2CA02AFA3B5000A3B8AA = {
isa = PBXGroup;
children = (
7F6D2CB82AFA3B7600A3B8AA /* Info.plist */,
7F6D2CAD2AFA3B7600A3B8AA /* MetadataRemover */,
7F6D2CC42AFA3B7600A3B8AA /* Products */,
);
sourceTree = "<group>";
};
7F6D2CAD2AFA3B7600A3B8AA /* MetadataRemover */ = {
isa = PBXGroup;
children = (
7F6D2CAE2AFA3B7600A3B8AA /* MetadataRemoverApp.swift */,
7F6D2CBF2AFA3B7600A3B8AA /* ShareSheet.swift */,
7F6D2CB72AFA3B7600A3B8AA /* PhotoLibrarySaver.swift */,
7F6D2CB52AFA3B7600A3B8AA /* MetadataExtractor.swift */,
7F6D2CB62AFA3B7600A3B8AA /* MetadataSanitizer.swift */,
7F6D2CB02AFA3B7600A3B8AA /* MetadataRemoverViewModel.swift */,
7F6D2CB12AFA3B7600A3B8AA /* MetadataEntry.swift */,
7F6D2CB22AFA3B7600A3B8AA /* MetadataListView.swift */,
7F6D2CB32AFA3B7600A3B8AA /* MetadataExplanationView.swift */,
7F6D2CAF2AFA3B7600A3B8AA /* ContentView.swift */,
7F6D2CB92AFA3B7600A3B8AA /* Assets.xcassets */,
7F6D2CBB2AFA3B7600A3B8AA /* Preview Content */,
);
path = MetadataRemover;
sourceTree = "<group>";
};
7F6D2CBB2AFA3B7600A3B8AA /* Preview Content */ = {
isa = PBXGroup;
children = (
7F6D2CBA2AFA3B7600A3B8AA /* Preview Assets.xcassets */,
);
path = "Preview Content";
sourceTree = "<group>";
};
7F6D2CC42AFA3B7600A3B8AA /* Products */ = {
isa = PBXGroup;
children = (
7F6D2CC32AFA3B7600A3B8AA /* MetadataRemover.app */,
);
name = Products;
sourceTree = "<group>";
};
/* End PBXGroup section */

/* Begin PBXNativeTarget section */
7F6D2CA92AFA3B7600A3B8AA /* MetadataRemover */ = {
isa = PBXNativeTarget;
buildConfigurationList = 7F6D2CC72AFA3B7600A3B8AA /* Build configuration list for PBXNativeTarget "MetadataRemover" */;
buildPhases = (
7F6D2CA62AFA3B7600A3B8AA /* Sources */,
7F6D2CAA2AFA3B7600A3B8AA /* Frameworks */,
7F6D2CAB2AFA3B7600A3B8AA /* Resources */,
);
buildRules = (
);
dependencies = (
);
name = MetadataRemover;
productName = MetadataRemover;
productReference = 7F6D2CC32AFA3B7600A3B8AA /* MetadataRemover.app */;
productType = "com.apple.product-type.application";
};
/* End PBXNativeTarget section */

/* Begin PBXProject section */
7F6D2CA12AFA3B5000A3B8AA /* Project object */ = {
isa = PBXProject;
attributes = {
BuildIndependentTargetsInParallel = 1;
LastSwiftUpdateCheck = 1500;
LastUpgradeCheck = 1500;
TargetAttributes = {
7F6D2CA92AFA3B7600A3B8AA = {
CreatedOnToolsVersion = 15.0;
};
};
};
buildConfigurationList = 7F6D2CA22AFA3B5000A3B8AA /* Build configuration list for PBXProject "MetadataRemover" */;
compatibilityVersion = "Xcode 14.0";
developmentRegion = en;
hasScannedForEncodings = 0;
knownRegions = (
en,
);
mainGroup = 7F6D2CA02AFA3B5000A3B8AA;
productRefGroup = 7F6D2CC42AFA3B7600A3B8AA /* Products */;
projectDirPath = "";
projectRoot = "";
targets = (
7F6D2CA92AFA3B7600A3B8AA /* MetadataRemover */,
);
};
/* End PBXProject section */

/* Begin PBXResourcesBuildPhase section */
7F6D2CAB2AFA3B7600A3B8AA /* Resources */ = {
isa = PBXResourcesBuildPhase;
buildActionMask = 2147483647;
files = (
7F6D2CC52AFA3B7600A3B8AA /* Assets.xcassets in Resources */,
7F6D2CC62AFA3B7600A3B8AA /* Preview Assets.xcassets in Resources */,
);
runOnlyForDeploymentPostprocessing = 0;
};
/* End PBXResourcesBuildPhase section */

/* Begin PBXSourcesBuildPhase section */
7F6D2CA62AFA3B7600A3B8AA /* Sources */ = {
isa = PBXSourcesBuildPhase;
buildActionMask = 2147483647;
files = (
7F6D2CB92AFA3B7600A3B8AA /* MetadataRemoverApp.swift in Sources */,
7F6D2CBA2AFA3B7600A3B8AA /* ContentView.swift in Sources */,
7F6D2CBB2AFA3B7600A3B8AA /* MetadataRemoverViewModel.swift in Sources */,
7F6D2CBC2AFA3B7600A3B8AA /* MetadataEntry.swift in Sources */,
7F6D2CBD2AFA3B7600A3B8AA /* MetadataListView.swift in Sources */,
7F6D2CBE2AFA3B7600A3B8AA /* MetadataExplanationView.swift in Sources */,
7F6D2CBF2AFA3B7600A3B8AA /* ShareSheet.swift in Sources */,
7F6D2CC02AFA3B7600A3B8AA /* MetadataExtractor.swift in Sources */,
7F6D2CC12AFA3B7600A3B8AA /* MetadataSanitizer.swift in Sources */,
7F6D2CC22AFA3B7600A3B8AA /* PhotoLibrarySaver.swift in Sources */,
);
runOnlyForDeploymentPostprocessing = 0;
};
/* End PBXSourcesBuildPhase section */

/* Begin XCBuildConfiguration section */
7F6D2CC82AFA3B7600A3B8AA /* Debug */ = {
isa = XCBuildConfiguration;
buildSettings = {
ALWAYS_SEARCH_USER_PATHS = NO;
ASSETCATALOG_COMPILER_GLOBAL_ACCENT_COLOR_NAME = AccentColor;
CLANG_ANALYZER_NONNULL = YES;
CLANG_ANALYZER_NUMBER_OBJECT_CONVERSION = YES_AGGRESSIVE;
CLANG_CXX_LANGUAGE_STANDARD = "gnu++20";
CLANG_ENABLE_MODULES = YES;
CLANG_ENABLE_OBJC_ARC = YES;
CLANG_WARN_BLOCK_CAPTURE_AUTORELEASING = YES;
CLANG_WARN_BOOL_CONVERSION = YES;
CLANG_WARN_COMMA = YES;
CLANG_WARN_CONSTANT_CONVERSION = YES;
CLANG_WARN_DEPRECATED_OBJC_IMPLEMENTATIONS = YES;
CLANG_WARN_DIRECT_OBJC_ISA_USAGE = YES_ERROR;
CLANG_WARN_DOCUMENTATION_COMMENTS = YES;
CLANG_WARN_EMPTY_BODY = YES;
CLANG_WARN_ENUM_CONVERSION = YES;
CLANG_WARN_INFINITE_RECURSION = YES;
CLANG_WARN_INT_CONVERSION = YES;
CLANG_WARN_NON_LITERAL_NULL_CONVERSION = YES;
CLANG_WARN_OBJC_IMPLICIT_RETAIN_SELF = YES;
CLANG_WARN_OBJC_LITERAL_CONVERSION = YES;
CLANG_WARN_QUOTED_INCLUDE_IN_FRAMEWORK_HEADER = YES;
CLANG_WARN_RANGE_LOOP_ANALYSIS = YES;
CLANG_WARN_STRICT_PROTOTYPES = YES;
CLANG_WARN_SUSPICIOUS_MOVE = YES;
CLANG_WARN_UNREACHABLE_CODE = YES;
CLANG_WARN__DUPLICATE_METHOD_MATCH = YES;
COPY_PHASE_STRIP = NO;
ENABLE_STRICT_OBJC_MSGSEND = YES;
ENABLE_TESTABILITY = YES;
GCC_C_LANGUAGE_STANDARD = gnu11;
GCC_DYNAMIC_NO_PIC = NO;
GCC_NO_COMMON_BLOCKS = YES;
GCC_OPTIMIZATION_LEVEL = 0;
GCC_PREPROCESSOR_DEFINITIONS = (
"DEBUG=1",
"$(inherited)",
);
GCC_WARN_64_TO_32_BIT_CONVERSION = YES;
GCC_WARN_ABOUT_RETURN_TYPE = YES_ERROR;
GCC_WARN_UNDECLARED_SELECTOR = YES;
GCC_WARN_UNINITIALIZED_AUTOS = YES_AGGRESSIVE;
GCC_WARN_UNUSED_FUNCTION = YES;
GCC_WARN_UNUSED_VARIABLE = YES;
IPHONEOS_DEPLOYMENT_TARGET = 16.0;
MTL_ENABLE_DEBUG_INFO = INCLUDE_SOURCE;
ONLY_ACTIVE_ARCH = YES;
SDKROOT = iphoneos;
SWIFT_ACTIVE_COMPILATION_CONDITIONS = DEBUG;
SWIFT_OPTIMIZATION_LEVEL = "-Onone";
};
name = Debug;
};
7F6D2CC92AFA3B7600A3B8AA /* Release */ = {
isa = XCBuildConfiguration;
buildSettings = {
ALWAYS_SEARCH_USER_PATHS = NO;
ASSETCATALOG_COMPILER_GLOBAL_ACCENT_COLOR_NAME = AccentColor;
CLANG_ANALYZER_NONNULL = YES;
CLANG_ANALYZER_NUMBER_OBJECT_CONVERSION = YES_AGGRESSIVE;
CLANG_CXX_LANGUAGE_STANDARD = "gnu++20";
CLANG_ENABLE_MODULES = YES;
CLANG_ENABLE_OBJC_ARC = YES;
CLANG_WARN_BLOCK_CAPTURE_AUTORELEASING = YES;
CLANG_WARN_BOOL_CONVERSION = YES;
CLANG_WARN_COMMA = YES;
CLANG_WARN_CONSTANT_CONVERSION = YES;
CLANG_WARN_DEPRECATED_OBJC_IMPLEMENTATIONS = YES;
CLANG_WARN_DIRECT_OBJC_ISA_USAGE = YES_ERROR;
CLANG_WARN_DOCUMENTATION_COMMENTS = YES;
CLANG_WARN_EMPTY_BODY = YES;
CLANG_WARN_ENUM_CONVERSION = YES;
CLANG_WARN_INFINITE_RECURSION = YES;
CLANG_WARN_INT_CONVERSION = YES;
CLANG_WARN_NON_LITERAL_NULL_CONVERSION = YES;
CLANG_WARN_OBJC_IMPLICIT_RETAIN_SELF = YES;
CLANG_WARN_OBJC_LITERAL_CONVERSION = YES;
CLANG_WARN_QUOTED_INCLUDE_IN_FRAMEWORK_HEADER = YES;
CLANG_WARN_RANGE_LOOP_ANALYSIS = YES;
CLANG_WARN_STRICT_PROTOTYPES = YES;
CLANG_WARN_SUSPICIOUS_MOVE = YES;
CLANG_WARN_UNREACHABLE_CODE = YES;
CLANG_WARN__DUPLICATE_METHOD_MATCH = YES;
COPY_PHASE_STRIP = NO;
ENABLE_NS_ASSERTIONS = NO;
ENABLE_STRICT_OBJC_MSGSEND = YES;
GCC_C_LANGUAGE_STANDARD = gnu11;
GCC_NO_COMMON_BLOCKS = YES;
GCC_WARN_64_TO_32_BIT_CONVERSION = YES;
GCC_WARN_ABOUT_RETURN_TYPE = YES_ERROR;
GCC_WARN_UNDECLARED_SELECTOR = YES;
GCC_WARN_UNINITIALIZED_AUTOS = YES_AGGRESSIVE;
GCC_WARN_UNUSED_FUNCTION = YES;
GCC_WARN_UNUSED_VARIABLE = YES;
IPHONEOS_DEPLOYMENT_TARGET = 16.0;
MTL_ENABLE_DEBUG_INFO = NO;
SDKROOT = iphoneos;
SWIFT_COMPILATION_MODE = wholemodule;
SWIFT_OPTIMIZATION_LEVEL = "-O";
};
name = Release;
};
7F6D2CCA2AFA3B7600A3B8AA /* Debug */ = {
isa = XCBuildConfiguration;
buildSettings = {
ASSETCATALOG_COMPILER_APPICON_NAME = AppIcon;
CODE_SIGN_STYLE = Automatic;
CURRENT_PROJECT_VERSION = 1;
DEVELOPMENT_TEAM = "";
GENERATE_INFOPLIST_FILE = NO;
INFOPLIST_FILE = MetadataRemover/Info.plist;
IPHONEOS_DEPLOYMENT_TARGET = 16.0;
LD_RUNPATH_SEARCH_PATHS = (
"$(inherited)",
"@executable_path/Frameworks",
);
PRODUCT_BUNDLE_IDENTIFIER = com.example.MetadataRemover;
PRODUCT_NAME = "$(TARGET_NAME)";
SWIFT_EMIT_LOC_STRINGS = YES;
SWIFT_VERSION = 5.0;
TARGETED_DEVICE_FAMILY = "1,2";
};
name = Debug;
};
7F6D2CCB2AFA3B7600A3B8AA /* Release */ = {
isa = XCBuildConfiguration;
buildSettings = {
ASSETCATALOG_COMPILER_APPICON_NAME = AppIcon;
CODE_SIGN_STYLE = Automatic;
CURRENT_PROJECT_VERSION = 1;
DEVELOPMENT_TEAM = "";
GENERATE_INFOPLIST_FILE = NO;
INFOPLIST_FILE = MetadataRemover/Info.plist;
IPHONEOS_DEPLOYMENT_TARGET = 16.0;
LD_RUNPATH_SEARCH_PATHS = (
"$(inherited)",
"@executable_path/Frameworks",
);
PRODUCT_BUNDLE_IDENTIFIER = com.example.MetadataRemover;
PRODUCT_NAME = "$(TARGET_NAME)";
SWIFT_EMIT_LOC_STRINGS = YES;
SWIFT_VERSION = 5.0;
TARGETED_DEVICE_FAMILY = "1,2";
};
name = Release;
};
/* End XCBuildConfiguration section */

/* Begin XCConfigurationList section */
7F6D2CA22AFA3B5000A3B8AA /* Build configuration list for PBXProject "MetadataRemover" */ = {
isa = XCConfigurationList;
buildConfigurations = (
7F6D2CC82AFA3B7600A3B8AA /* Debug */,
7F6D2CC92AFA3B7600A3B8AA /* Release */,
);
defaultConfigurationIsVisible = 0;
defaultConfigurationName = Release;
};
7F6D2CC72AFA3B7600A3B8AA /* Build configuration list for PBXNativeTarget "MetadataRemover" */ = {
isa = XCConfigurationList;
buildConfigurations = (
7F6D2CCA2AFA3B7600A3B8AA /* Debug */,
7F6D2CCB2AFA3B7600A3B8AA /* Release */,
);
defaultConfigurationIsVisible = 0;
defaultConfigurationName = Release;
};
/* End XCConfigurationList section */
};
rootObject = 7F6D2CA12AFA3B5000A3B8AA /* Project object */;
}
