// !$*UTF8*$!
{
	archiveVersion = 1;
	classes = {
	};
	objectVersion = 77;
	objects = {

/* Begin PBXContainerItemProxy section */
		8D80C8BC2E96EE3900EE7217 /* PBXContainerItemProxy */ = {
			isa = PBXContainerItemProxy;
			containerPortal = 8D80C8A32E96EE3600EE7217 /* Project object */;
			proxyType = 1;
			remoteGlobalIDString = 8D80C8AA2E96EE3600EE7217;
			remoteInfo = "Metadata-remover";
		};
		8D80C8C62E96EE3900EE7217 /* PBXContainerItemProxy */ = {
			isa = PBXContainerItemProxy;
			containerPortal = 8D80C8A32E96EE3600EE7217 /* Project object */;
			proxyType = 1;
			remoteGlobalIDString = 8D80C8AA2E96EE3600EE7217;
			remoteInfo = "Metadata-remover";
		};
/* End PBXContainerItemProxy section */

/* Begin PBXFileReference section */
		8D80C8AB2E96EE3600EE7217 /* Metadata-remover.app */ = {isa = PBXFileReference; explicitFileType = wrapper.application; includeInIndex = 0; path = "Metadata-remover.app"; sourceTree = BUILT_PRODUCTS_DIR; };
		8D80C8BB2E96EE3900EE7217 /* Metadata-removerTests.xctest */ = {isa = PBXFileReference; explicitFileType = wrapper.cfbundle; includeInIndex = 0; path = "Metadata-removerTests.xctest"; sourceTree = BUILT_PRODUCTS_DIR; };
		8D80C8C52E96EE3900EE7217 /* Metadata-removerUITests.xctest */ = {isa = PBXFileReference; explicitFileType = wrapper.cfbundle; includeInIndex = 0; path = "Metadata-removerUITests.xctest"; sourceTree = BUILT_PRODUCTS_DIR; };
/* End PBXFileReference section */

/* Begin PBXFileSystemSynchronizedRootGroup section */
		8D80C8AD2E96EE3600EE7217 /* Metadata-remover */ = {
			isa = PBXFileSystemSynchronizedRootGroup;
			path = "Metadata-remover";
			sourceTree = "<group>";
		};
		8D80C8BE2E96EE3900EE7217 /* Metadata-removerTests */ = {
			isa = PBXFileSystemSynchronizedRootGroup;
			path = "Metadata-removerTests";
			sourceTree = "<group>";
		};
		8D80C8C82E96EE3900EE7217 /* Metadata-removerUITests */ = {
			isa = PBXFileSystemSynchronizedRootGroup;
			path = "Metadata-removerUITests";
			sourceTree = "<group>";
		};
/* End PBXFileSystemSynchronizedRootGroup section */

/* Begin PBXFrameworksBuildPhase section */
		8D80C8A82E96EE3600EE7217 /* Frameworks */ = {
			isa = PBXFrameworksBuildPhase;
			buildActionMask = 2147483647;
			files = (
			);
			runOnlyForDeploymentPostprocessing = 0;
		};
		8D80C8B82E96EE3900EE7217 /* Frameworks */ = {
			isa = PBXFrameworksBuildPhase;
			buildActionMask = 2147483647;
			files = (
			);
			runOnlyForDeploymentPostprocessing = 0;
		};
		8D80C8C22E96EE3900EE7217 /* Frameworks */ = {
			isa = PBXFrameworksBuildPhase;
			buildActionMask = 2147483647;
			files = (
			);
			runOnlyForDeploymentPostprocessing = 0;
		};
/* End PBXFrameworksBuildPhase section */

/* Begin PBXGroup section */
		8D80C8A22E96EE3600EE7217 = {
			isa = PBXGroup;
			children = (
				8D80C8AD2E96EE3600EE7217 /* Metadata-remover */,
				8D80C8BE2E96EE3900EE7217 /* Metadata-removerTests */,
				8D80C8C82E96EE3900EE7217 /* Metadata-removerUITests */,
				8D80C8AC2E96EE3600EE7217 /* Products */,
			);
			sourceTree = "<group>";
		};
		8D80C8AC2E96EE3600EE7217 /* Products */ = {
			isa = PBXGroup;
			children = (
				8D80C8AB2E96EE3600EE7217 /* Metadata-remover.app */,
				8D80C8BB2E96EE3900EE7217 /* Metadata-removerTests.xctest */,
				8D80C8C52E96EE3900EE7217 /* Metadata-removerUITests.xctest */,
			);
			name = Products;
			sourceTree = "<group>";
		};
/* End PBXGroup section */

/* Begin PBXNativeTarget section */
		8D80C8AA2E96EE3600EE7217 /* Metadata-remover */ = {
			isa = PBXNativeTarget;
			buildConfigurationList = 8D80C8CF2E96EE3900EE7217 /* Build configuration list for PBXNativeTarget "Metadata-remover" */;
			buildPhases = (
				8D80C8A72E96EE3600EE7217 /* Sources */,
				8D80C8A82E96EE3600EE7217 /* Frameworks */,
				8D80C8A92E96EE3600EE7217 /* Resources */,
			);
			buildRules = (
			);
			dependencies = (
			);
			fileSystemSynchronizedGroups = (
				8D80C8AD2E96EE3600EE7217 /* Metadata-remover */,
			);
			name = "Metadata-remover";
			packageProductDependencies = (
			);
			productName = "Metadata-remover";
			productReference = 8D80C8AB2E96EE3600EE7217 /* Metadata-remover.app */;
			productType = "com.apple.product-type.application";
		};
		8D80C8BA2E96EE3900EE7217 /* Metadata-removerTests */ = {
			isa = PBXNativeTarget;
			buildConfigurationList = 8D80C8D22E96EE3900EE7217 /* Build configuration list for PBXNativeTarget "Metadata-removerTests" */;
			buildPhases = (
				8D80C8B72E96EE3900EE7217 /* Sources */,
				8D80C8B82E96EE3900EE7217 /* Frameworks */,
				8D80C8B92E96EE3900EE7217 /* Resources */,
			);
			buildRules = (
			);
			dependencies = (
				8D80C8BD2E96EE3900EE7217 /* PBXTargetDependency */,
			);
			fileSystemSynchronizedGroups = (
				8D80C8BE2E96EE3900EE7217 /* Metadata-removerTests */,
			);
			name = "Metadata-removerTests";
			packageProductDependencies = (
			);
			productName = "Metadata-removerTests";
			productReference = 8D80C8BB2E96EE3900EE7217 /* Metadata-removerTests.xctest */;
			productType = "com.apple.product-type.bundle.unit-test";
		};
		8D80C8C42E96EE3900EE7217 /* Metadata-removerUITests */ = {
			isa = PBXNativeTarget;
			buildConfigurationList = 8D80C8D52E96EE3900EE7217 /* Build configuration list for PBXNativeTarget "Metadata-removerUITests" */;
			buildPhases = (
				8D80C8C12E96EE3900EE7217 /* Sources */,
				8D80C8C22E96EE3900EE7217 /* Frameworks */,
				8D80C8C32E96EE3900EE7217 /* Resources */,
			);
			buildRules = (
			);
			dependencies = (
				8D80C8C72E96EE3900EE7217 /* PBXTargetDependency */,
			);
			fileSystemSynchronizedGroups = (
				8D80C8C82E96EE3900EE7217 /* Metadata-removerUITests */,
			);
			name = "Metadata-removerUITests";
			packageProductDependencies = (
			);
			productName = "Metadata-removerUITests";
			productReference = 8D80C8C52E96EE3900EE7217 /* Metadata-removerUITests.xctest */;
			productType = "com.apple.product-type.bundle.ui-testing";
		};
/* End PBXNativeTarget section */

/* Begin PBXProject section */
		8D80C8A32E96EE3600EE7217 /* Project object */ = {
			isa = PBXProject;
			attributes = {
				BuildIndependentTargetsInParallel = 1;
				LastSwiftUpdateCheck = 1620;
				LastUpgradeCheck = 1620;
				TargetAttributes = {
					8D80C8AA2E96EE3600EE7217 = {
						CreatedOnToolsVersion = 16.2;
					};
					8D80C8BA2E96EE3900EE7217 = {
						CreatedOnToolsVersion = 16.2;
						TestTargetID = 8D80C8AA2E96EE3600EE7217;
					};
					8D80C8C42E96EE3900EE7217 = {
						CreatedOnToolsVersion = 16.2;
						TestTargetID = 8D80C8AA2E96EE3600EE7217;
					};
				};
			};
			buildConfigurationList = 8D80C8A62E96EE3600EE7217 /* Build configuration list for PBXProject "Metadata-remover" */;
			developmentRegion = en;
			hasScannedForEncodings = 0;
			knownRegions = (
				en,
				Base,
			);
			mainGroup = 8D80C8A22E96EE3600EE7217;
			minimizedProjectReferenceProxies = 1;
			preferredProjectObjectVersion = 77;
			productRefGroup = 8D80C8AC2E96EE3600EE7217 /* Products */;
			projectDirPath = "";
			projectRoot = "";
			targets = (
				8D80C8AA2E96EE3600EE7217 /* Metadata-remover */,
				8D80C8BA2E96EE3900EE7217 /* Metadata-removerTests */,
				8D80C8C42E96EE3900EE7217 /* Metadata-removerUITests */,
			);
		};
/* End PBXProject section */

/* Begin PBXResourcesBuildPhase section */
		8D80C8A92E96EE3600EE7217 /* Resources */ = {
			isa = PBXResourcesBuildPhase;
			buildActionMask = 2147483647;
			files = (
			);
			runOnlyForDeploymentPostprocessing = 0;
		};
		8D80C8B92E96EE3900EE7217 /* Resources */ = {
			isa = PBXResourcesBuildPhase;
			buildActionMask = 2147483647;
			files = (
			);
			runOnlyForDeploymentPostprocessing = 0;
		};
		8D80C8C32E96EE3900EE7217 /* Resources */ = {
			isa = PBXResourcesBuildPhase;
			buildActionMask = 2147483647;
			files = (
			);
			runOnlyForDeploymentPostprocessing = 0;
		};
/* End PBXResourcesBuildPhase section */

/* Begin PBXSourcesBuildPhase section */
		8D80C8A72E96EE3600EE7217 /* Sources */ = {
			isa = PBXSourcesBuildPhase;
			buildActionMask = 2147483647;
			files = (
			);
			runOnlyForDeploymentPostprocessing = 0;
		};
		8D80C8B72E96EE3900EE7217 /* Sources */ = {
			isa = PBXSourcesBuildPhase;
			buildActionMask = 2147483647;
			files = (
			);
			runOnlyForDeploymentPostprocessing = 0;
		};
		8D80C8C12E96EE3900EE7217 /* Sources */ = {
			isa = PBXSourcesBuildPhase;
			buildActionMask = 2147483647;
			files = (
			);
			runOnlyForDeploymentPostprocessing = 0;
		};
/* End PBXSourcesBuildPhase section */

/* Begin PBXTargetDependency section */
		8D80C8BD2E96EE3900EE7217 /* PBXTargetDependency */ = {
			isa = PBXTargetDependency;
			target = 8D80C8AA2E96EE3600EE7217 /* Metadata-remover */;
			targetProxy = 8D80C8BC2E96EE3900EE7217 /* PBXContainerItemProxy */;
		};
		8D80C8C72E96EE3900EE7217 /* PBXTargetDependency */ = {
			isa = PBXTargetDependency;
			target = 8D80C8AA2E96EE3600EE7217 /* Metadata-remover */;
			targetProxy = 8D80C8C62E96EE3900EE7217 /* PBXContainerItemProxy */;
		};
/* End PBXTargetDependency section */

/* Begin XCBuildConfiguration section */
		8D80C8CD2E96EE3900EE7217 /* Debug */ = {
			isa = XCBuildConfiguration;
			buildSettings = {
				ALWAYS_SEARCH_USER_PATHS = NO;
				ASSETCATALOG_COMPILER_GENERATE_SWIFT_ASSET_SYMBOL_EXTENSIONS = YES;
				CLANG_ANALYZER_NONNULL = YES;
				CLANG_ANALYZER_NUMBER_OBJECT_CONVERSION = YES_AGGRESSIVE;
				CLANG_CXX_LANGUAGE_STANDARD = "gnu++20";
				CLANG_ENABLE_MODULES = YES;
				CLANG_ENABLE_OBJC_ARC = YES;
				CLANG_ENABLE_OBJC_WEAK = YES;
				CLANG_WARN_BLOCK_CAPTURE_AUTORELEASING = YES;
				CLANG_WARN_BOOL_CONVERSION = YES;
				CLANG_WARN_COMMA = YES;
				CLANG_WARN_CONSTANT_CONVERSION = YES;
				CLANG_WARN_DEPRECATED_OBJC_IMPLEMENTATIONS = YES;
				CLANG_WARN_DIRECT_OBJC_ISA_USAGE = YES_ERROR;
				CLANG_WARN_DOCUMENTATION_COMMENTS = YES;
				CLANG_WARN_EMPTY_BODY = YES;
				CLANG_WARN_ENUM_CONVERSION = YES;
				CLANG_WARN_INFINITE_RECURSION = YES;
				CLANG_WARN_INT_CONVERSION = YES;
				CLANG_WARN_NON_LITERAL_NULL_CONVERSION = YES;
				CLANG_WARN_OBJC_IMPLICIT_RETAIN_SELF = YES;
				CLANG_WARN_OBJC_LITERAL_CONVERSION = YES;
				CLANG_WARN_OBJC_ROOT_CLASS = YES_ERROR;
				CLANG_WARN_QUOTED_INCLUDE_IN_FRAMEWORK_HEADER = YES;
				CLANG_WARN_RANGE_LOOP_ANALYSIS = YES;
				CLANG_WARN_STRICT_PROTOTYPES = YES;
				CLANG_WARN_SUSPICIOUS_MOVE = YES;
				CLANG_WARN_UNGUARDED_AVAILABILITY = YES_AGGRESSIVE;
				CLANG_WARN_UNREACHABLE_CODE = YES;
				CLANG_WARN__DUPLICATE_METHOD_MATCH = YES;
				COPY_PHASE_STRIP = NO;
				DEBUG_INFORMATION_FORMAT = dwarf;
				ENABLE_STRICT_OBJC_MSGSEND = YES;
				ENABLE_TESTABILITY = YES;
				ENABLE_USER_SCRIPT_SANDBOXING = YES;
				GCC_C_LANGUAGE_STANDARD = gnu17;
				GCC_DYNAMIC_NO_PIC = NO;
				GCC_NO_COMMON_BLOCKS = YES;
				GCC_OPTIMIZATION_LEVEL = 0;
				GCC_PREPROCESSOR_DEFINITIONS = (
					"DEBUG=1",
					"$(inherited)",
				);
				GCC_WARN_64_TO_32_BIT_CONVERSION = YES;
				GCC_WARN_ABOUT_RETURN_TYPE = YES_ERROR;
				GCC_WARN_UNDECLARED_SELECTOR = YES;
				GCC_WARN_UNINITIALIZED_AUTOS = YES_AGGRESSIVE;
				GCC_WARN_UNUSED_FUNCTION = YES;
				GCC_WARN_UNUSED_VARIABLE = YES;
				IPHONEOS_DEPLOYMENT_TARGET = 18.2;
				LOCALIZATION_PREFERS_STRING_CATALOGS = YES;
				MTL_ENABLE_DEBUG_INFO = INCLUDE_SOURCE;
				MTL_FAST_MATH = YES;
				ONLY_ACTIVE_ARCH = YES;
				SDKROOT = iphoneos;
				SWIFT_ACTIVE_COMPILATION_CONDITIONS = "DEBUG $(inherited)";
				SWIFT_OPTIMIZATION_LEVEL = "-Onone";
			};
			name = Debug;
		};
		8D80C8CE2E96EE3900EE7217 /* Release */ = {
			isa = XCBuildConfiguration;
			buildSettings = {
				ALWAYS_SEARCH_USER_PATHS = NO;
				ASSETCATALOG_COMPILER_GENERATE_SWIFT_ASSET_SYMBOL_EXTENSIONS = YES;
				CLANG_ANALYZER_NONNULL = YES;
				CLANG_ANALYZER_NUMBER_OBJECT_CONVERSION = YES_AGGRESSIVE;
				CLANG_CXX_LANGUAGE_STANDARD = "gnu++20";
				CLANG_ENABLE_MODULES = YES;
				CLANG_ENABLE_OBJC_ARC = YES;
				CLANG_ENABLE_OBJC_WEAK = YES;
				CLANG_WARN_BLOCK_CAPTURE_AUTORELEASING = YES;
				CLANG_WARN_BOOL_CONVERSION = YES;
				CLANG_WARN_COMMA = YES;
				CLANG_WARN_CONSTANT_CONVERSION = YES;
				CLANG_WARN_DEPRECATED_OBJC_IMPLEMENTATIONS = YES;
				CLANG_WARN_DIRECT_OBJC_ISA_USAGE = YES_ERROR;
				CLANG_WARN_DOCUMENTATION_COMMENTS = YES;
				CLANG_WARN_EMPTY_BODY = YES;
				CLANG_WARN_ENUM_CONVERSION = YES;
				CLANG_WARN_INFINITE_RECURSION = YES;
				CLANG_WARN_INT_CONVERSION = YES;
				CLANG_WARN_NON_LITERAL_NULL_CONVERSION = YES;
				CLANG_WARN_OBJC_IMPLICIT_RETAIN_SELF = YES;
				CLANG_WARN_OBJC_LITERAL_CONVERSION = YES;
				CLANG_WARN_OBJC_ROOT_CLASS = YES_ERROR;
				CLANG_WARN_QUOTED_INCLUDE_IN_FRAMEWORK_HEADER = YES;
				CLANG_WARN_RANGE_LOOP_ANALYSIS = YES;
				CLANG_WARN_STRICT_PROTOTYPES = YES;
				CLANG_WARN_SUSPICIOUS_MOVE = YES;
				CLANG_WARN_UNGUARDED_AVAILABILITY = YES_AGGRESSIVE;
				CLANG_WARN_UNREACHABLE_CODE = YES;
				CLANG_WARN__DUPLICATE_METHOD_MATCH = YES;
				COPY_PHASE_STRIP = NO;
				DEBUG_INFORMATION_FORMAT = "dwarf-with-dsym";
				ENABLE_NS_ASSERTIONS = NO;
				ENABLE_STRICT_OBJC_MSGSEND = YES;
				ENABLE_USER_SCRIPT_SANDBOXING = YES;
				GCC_C_LANGUAGE_STANDARD = gnu17;
				GCC_NO_COMMON_BLOCKS = YES;
				GCC_WARN_64_TO_32_BIT_CONVERSION = YES;
				GCC_WARN_ABOUT_RETURN_TYPE = YES_ERROR;
				GCC_WARN_UNDECLARED_SELECTOR = YES;
				GCC_WARN_UNINITIALIZED_AUTOS = YES_AGGRESSIVE;
				GCC_WARN_UNUSED_FUNCTION = YES;
				GCC_WARN_UNUSED_VARIABLE = YES;
				IPHONEOS_DEPLOYMENT_TARGET = 18.2;
				LOCALIZATION_PREFERS_STRING_CATALOGS = YES;
				MTL_ENABLE_DEBUG_INFO = NO;
				MTL_FAST_MATH = YES;
				SDKROOT = iphoneos;
				SWIFT_COMPILATION_MODE = wholemodule;
				VALIDATE_PRODUCT = YES;
			};
			name = Release;
		};
		8D80C8D02E96EE3900EE7217 /* Debug */ = {
			isa = XCBuildConfiguration;
			buildSettings = {
				ASSETCATALOG_COMPILER_APPICON_NAME = AppIcon;
				ASSETCATALOG_COMPILER_GLOBAL_ACCENT_COLOR_NAME = AccentColor;
				CODE_SIGN_IDENTITY = "Apple Development";
				CODE_SIGN_STYLE = Automatic;
				CURRENT_PROJECT_VERSION = 1;
				DEVELOPMENT_ASSET_PATHS = "\"Metadata-remover/Preview Content\"";
				DEVELOPMENT_TEAM = A89ST3SFXS;
				ENABLE_PREVIEWS = YES;
				GENERATE_INFOPLIST_FILE = YES;
				INFOPLIST_KEY_UIApplicationSceneManifest_Generation = YES;
				INFOPLIST_KEY_UIApplicationSupportsIndirectInputEvents = YES;
				INFOPLIST_KEY_UILaunchScreen_Generation = YES;
				INFOPLIST_KEY_UISupportedInterfaceOrientations_iPad = "UIInterfaceOrientationPortrait UIInterfaceOrientationPortraitUpsideDown UIInterfaceOrientationLandscapeLeft UIInterfaceOrientationLandscapeRight";
				INFOPLIST_KEY_UISupportedInterfaceOrientations_iPhone = "UIInterfaceOrientationPortrait UIInterfaceOrientationLandscapeLeft UIInterfaceOrientationLandscapeRight";
				LD_RUNPATH_SEARCH_PATHS = (
					"$(inherited)",
					"@executable_path/Frameworks",
				);
				MARKETING_VERSION = 1.0;
				PRODUCT_BUNDLE_IDENTIFIER = "white.tea.Metadata-remover";
				PRODUCT_NAME = "$(TARGET_NAME)";
				PROVISIONING_PROFILE_SPECIFIER = "";
				SWIFT_EMIT_LOC_STRINGS = YES;
				SWIFT_VERSION = 5.0;
				TARGETED_DEVICE_FAMILY = "1,2";
			};
			name = Debug;
		};
		8D80C8D12E96EE3900EE7217 /* Release */ = {
			isa = XCBuildConfiguration;
			buildSettings = {
				ASSETCATALOG_COMPILER_APPICON_NAME = AppIcon;
				ASSETCATALOG_COMPILER_GLOBAL_ACCENT_COLOR_NAME = AccentColor;
				CODE_SIGN_IDENTITY = "Apple Development";
				CODE_SIGN_STYLE = Automatic;
				CURRENT_PROJECT_VERSION = 1;
				DEVELOPMENT_ASSET_PATHS = "\"Metadata-remover/Preview Content\"";
				DEVELOPMENT_TEAM = A89ST3SFXS;
				ENABLE_PREVIEWS = YES;
				GENERATE_INFOPLIST_FILE = YES;
				INFOPLIST_KEY_UIApplicationSceneManifest_Generation = YES;
				INFOPLIST_KEY_UIApplicationSupportsIndirectInputEvents = YES;
				INFOPLIST_KEY_UILaunchScreen_Generation = YES;
				INFOPLIST_KEY_UISupportedInterfaceOrientations_iPad = "UIInterfaceOrientationPortrait UIInterfaceOrientationPortraitUpsideDown UIInterfaceOrientationLandscapeLeft UIInterfaceOrientationLandscapeRight";
				INFOPLIST_KEY_UISupportedInterfaceOrientations_iPhone = "UIInterfaceOrientationPortrait UIInterfaceOrientationLandscapeLeft UIInterfaceOrientationLandscapeRight";
				LD_RUNPATH_SEARCH_PATHS = (
					"$(inherited)",
					"@executable_path/Frameworks",
				);
				MARKETING_VERSION = 1.0;
				PRODUCT_BUNDLE_IDENTIFIER = "white.tea.Metadata-remover";
				PRODUCT_NAME = "$(TARGET_NAME)";
				PROVISIONING_PROFILE_SPECIFIER = "";
				SWIFT_EMIT_LOC_STRINGS = YES;
				SWIFT_VERSION = 5.0;
				TARGETED_DEVICE_FAMILY = "1,2";
			};
			name = Release;
		};
		8D80C8D32E96EE3900EE7217 /* Debug */ = {
			isa = XCBuildConfiguration;
			buildSettings = {
				BUNDLE_LOADER = "$(TEST_HOST)";
				CODE_SIGN_STYLE = Automatic;
				CURRENT_PROJECT_VERSION = 1;
				GENERATE_INFOPLIST_FILE = YES;
				IPHONEOS_DEPLOYMENT_TARGET = 18.2;
				MARKETING_VERSION = 1.0;
				PRODUCT_BUNDLE_IDENTIFIER = "white.tea.Metadata-removerTests";
				PRODUCT_NAME = "$(TARGET_NAME)";
				SWIFT_EMIT_LOC_STRINGS = NO;
				SWIFT_VERSION = 5.0;
				TARGETED_DEVICE_FAMILY = "1,2";
				TEST_HOST = "$(BUILT_PRODUCTS_DIR)/Metadata-remover.app/$(BUNDLE_EXECUTABLE_FOLDER_PATH)/Metadata-remover";
			};
			name = Debug;
		};
		8D80C8D42E96EE3900EE7217 /* Release */ = {
			isa = XCBuildConfiguration;
			buildSettings = {
				BUNDLE_LOADER = "$(TEST_HOST)";
				CODE_SIGN_STYLE = Automatic;
				CURRENT_PROJECT_VERSION = 1;
				GENERATE_INFOPLIST_FILE = YES;
				IPHONEOS_DEPLOYMENT_TARGET = 18.2;
				MARKETING_VERSION = 1.0;
				PRODUCT_BUNDLE_IDENTIFIER = "white.tea.Metadata-removerTests";
				PRODUCT_NAME = "$(TARGET_NAME)";
				SWIFT_EMIT_LOC_STRINGS = NO;
				SWIFT_VERSION = 5.0;
				TARGETED_DEVICE_FAMILY = "1,2";
				TEST_HOST = "$(BUILT_PRODUCTS_DIR)/Metadata-remover.app/$(BUNDLE_EXECUTABLE_FOLDER_PATH)/Metadata-remover";
			};
			name = Release;
		};
		8D80C8D62E96EE3900EE7217 /* Debug */ = {
			isa = XCBuildConfiguration;
			buildSettings = {
				CODE_SIGN_STYLE = Automatic;
				CURRENT_PROJECT_VERSION = 1;
				GENERATE_INFOPLIST_FILE = YES;
				MARKETING_VERSION = 1.0;
				PRODUCT_BUNDLE_IDENTIFIER = "white.tea.Metadata-removerUITests";
				PRODUCT_NAME = "$(TARGET_NAME)";
				SWIFT_EMIT_LOC_STRINGS = NO;
				SWIFT_VERSION = 5.0;
				TARGETED_DEVICE_FAMILY = "1,2";
				TEST_TARGET_NAME = "Metadata-remover";
			};
			name = Debug;
		};
		8D80C8D72E96EE3900EE7217 /* Release */ = {
			isa = XCBuildConfiguration;
			buildSettings = {
				CODE_SIGN_STYLE = Automatic;
				CURRENT_PROJECT_VERSION = 1;
				GENERATE_INFOPLIST_FILE = YES;
				MARKETING_VERSION = 1.0;
				PRODUCT_BUNDLE_IDENTIFIER = "white.tea.Metadata-removerUITests";
				PRODUCT_NAME = "$(TARGET_NAME)";
				SWIFT_EMIT_LOC_STRINGS = NO;
				SWIFT_VERSION = 5.0;
				TARGETED_DEVICE_FAMILY = "1,2";
				TEST_TARGET_NAME = "Metadata-remover";
			};
			name = Release;
		};
/* End XCBuildConfiguration section */

/* Begin XCConfigurationList section */
		8D80C8A62E96EE3600EE7217 /* Build configuration list for PBXProject "Metadata-remover" */ = {
			isa = XCConfigurationList;
			buildConfigurations = (
				8D80C8CD2E96EE3900EE7217 /* Debug */,
				8D80C8CE2E96EE3900EE7217 /* Release */,
			);
			defaultConfigurationIsVisible = 0;
			defaultConfigurationName = Release;
		};
		8D80C8CF2E96EE3900EE7217 /* Build configuration list for PBXNativeTarget "Metadata-remover" */ = {
			isa = XCConfigurationList;
			buildConfigurations = (
				8D80C8D02E96EE3900EE7217 /* Debug */,
				8D80C8D12E96EE3900EE7217 /* Release */,
			);
			defaultConfigurationIsVisible = 0;
			defaultConfigurationName = Release;
		};
		8D80C8D22E96EE3900EE7217 /* Build configuration list for PBXNativeTarget "Metadata-removerTests" */ = {
			isa = XCConfigurationList;
			buildConfigurations = (
				8D80C8D32E96EE3900EE7217 /* Debug */,
				8D80C8D42E96EE3900EE7217 /* Release */,
			);
			defaultConfigurationIsVisible = 0;
			defaultConfigurationName = Release;
		};
		8D80C8D52E96EE3900EE7217 /* Build configuration list for PBXNativeTarget "Metadata-removerUITests" */ = {
			isa = XCConfigurationList;
			buildConfigurations = (
				8D80C8D62E96EE3900EE7217 /* Debug */,
				8D80C8D72E96EE3900EE7217 /* Release */,
			);
			defaultConfigurationIsVisible = 0;
			defaultConfigurationName = Release;
		};
/* End XCConfigurationList section */
	};
	rootObject = 8D80C8A32E96EE3600EE7217 /* Project object */;
}
